// !$*UTF8*$!
{
	archiveVersion = 1;
	classes = {
	};
	objectVersion = 46;
	objects = {

/* Begin PBXBuildFile section */
		993611C21BCD4EAB004B7F88 /* MLMFOTO.xcdatamodeld in Sources */ = {isa = PBXBuildFile; fileRef = 993611C01BCD4EAB004B7F88 /* MLMFOTO.xcdatamodeld */; settings = {ASSET_TAGS = (); }; };
		993611C81BCD547F004B7F88 /* CDCategories+CoreDataProperties.swift in Sources */ = {isa = PBXBuildFile; fileRef = 993611C61BCD547F004B7F88 /* CDCategories+CoreDataProperties.swift */; settings = {ASSET_TAGS = (); }; };
		993611C91BCD547F004B7F88 /* CDCategories.swift in Sources */ = {isa = PBXBuildFile; fileRef = 993611C71BCD547F004B7F88 /* CDCategories.swift */; settings = {ASSET_TAGS = (); }; };
		993611CB1BCD557A004B7F88 /* CategoriesList_CoreData.swift in Sources */ = {isa = PBXBuildFile; fileRef = 993611CA1BCD557A004B7F88 /* CategoriesList_CoreData.swift */; settings = {ASSET_TAGS = (); }; };
		996E32671BCB676B00165DA1 /* ThumbnailImage_Main.swift in Sources */ = {isa = PBXBuildFile; fileRef = 996E32661BCB676B00165DA1 /* ThumbnailImage_Main.swift */; settings = {ASSET_TAGS = (); }; };
		996E32691BCB680900165DA1 /* ThumbnailImage_Fetch.swift in Sources */ = {isa = PBXBuildFile; fileRef = 996E32681BCB680900165DA1 /* ThumbnailImage_Fetch.swift */; settings = {ASSET_TAGS = (); }; };
		996E326F1BCB71C500165DA1 /* ProductsList_Segue.swift in Sources */ = {isa = PBXBuildFile; fileRef = 996E326E1BCB71C500165DA1 /* ProductsList_Segue.swift */; settings = {ASSET_TAGS = (); }; };
		996E32711BCB86D900165DA1 /* ThumbnailImage_Indicator.swift in Sources */ = {isa = PBXBuildFile; fileRef = 996E32701BCB86D900165DA1 /* ThumbnailImage_Indicator.swift */; settings = {ASSET_TAGS = (); }; };
		996E32731BCB8C2C00165DA1 /* ThumbnailImage_DisplayImage.swift in Sources */ = {isa = PBXBuildFile; fileRef = 996E32721BCB8C2C00165DA1 /* ThumbnailImage_DisplayImage.swift */; settings = {ASSET_TAGS = (); }; };
		996E32771BCC5F0300165DA1 /* CategoriesList_SearchBar.swift in Sources */ = {isa = PBXBuildFile; fileRef = 996E32761BCC5F0300165DA1 /* CategoriesList_SearchBar.swift */; settings = {ASSET_TAGS = (); }; };
		996E32791BCC76C600165DA1 /* LightSearchController.swift in Sources */ = {isa = PBXBuildFile; fileRef = 996E32781BCC76C600165DA1 /* LightSearchController.swift */; settings = {ASSET_TAGS = (); }; };
		996E327D1BCCFDD200165DA1 /* SubCategoriesList_SearchBar.swift in Sources */ = {isa = PBXBuildFile; fileRef = 996E327C1BCCFDD200165DA1 /* SubCategoriesList_SearchBar.swift */; settings = {ASSET_TAGS = (); }; };
		996E327F1BCD025B00165DA1 /* ProductsList_SearchBar.swift in Sources */ = {isa = PBXBuildFile; fileRef = 996E327E1BCD025B00165DA1 /* ProductsList_SearchBar.swift */; settings = {ASSET_TAGS = (); }; };
		996E32811BCD030200165DA1 /* ProductsList_Style.swift in Sources */ = {isa = PBXBuildFile; fileRef = 996E32801BCD030200165DA1 /* ProductsList_Style.swift */; settings = {ASSET_TAGS = (); }; };
		996E32851BCD0ED900165DA1 /* ProductsList_Observer.swift in Sources */ = {isa = PBXBuildFile; fileRef = 996E32841BCD0ED900165DA1 /* ProductsList_Observer.swift */; settings = {ASSET_TAGS = (); }; };
		996E32871BCD130900165DA1 /* SubCategoriesList_Observer.swift in Sources */ = {isa = PBXBuildFile; fileRef = 996E32861BCD130900165DA1 /* SubCategoriesList_Observer.swift */; settings = {ASSET_TAGS = (); }; };
		996E32891BCD13AF00165DA1 /* CategoriesList_Observer.swift in Sources */ = {isa = PBXBuildFile; fileRef = 996E32881BCD13AF00165DA1 /* CategoriesList_Observer.swift */; settings = {ASSET_TAGS = (); }; };
		997C4F271BC9D3C1003B7A4E /* SubCategoriesList_Style.swift in Sources */ = {isa = PBXBuildFile; fileRef = 997C4F261BC9D3C1003B7A4E /* SubCategoriesList_Style.swift */; settings = {ASSET_TAGS = (); }; };
		99806EAB1BC4CEED00FEE333 /* Contact_InitRecognizer.swift in Sources */ = {isa = PBXBuildFile; fileRef = 99806EAA1BC4CEED00FEE333 /* Contact_InitRecognizer.swift */; settings = {ASSET_TAGS = (); }; };
		99806EAD1BC4CFDA00FEE333 /* Contact_TapRecognizer.swift in Sources */ = {isa = PBXBuildFile; fileRef = 99806EAC1BC4CFDA00FEE333 /* Contact_TapRecognizer.swift */; settings = {ASSET_TAGS = (); }; };
		99806EAF1BC4D35B00FEE333 /* Contact_Alert.swift in Sources */ = {isa = PBXBuildFile; fileRef = 99806EAE1BC4D35B00FEE333 /* Contact_Alert.swift */; settings = {ASSET_TAGS = (); }; };
		99806EB11BC87CBF00FEE333 /* ProductDetailWithoutThumbnailCell.swift in Sources */ = {isa = PBXBuildFile; fileRef = 99806EB01BC87CBF00FEE333 /* ProductDetailWithoutThumbnailCell.swift */; settings = {ASSET_TAGS = (); }; };
		99806EB31BC8C26800FEE333 /* ProductsList_InitRecognizer.swift in Sources */ = {isa = PBXBuildFile; fileRef = 99806EB21BC8C26800FEE333 /* ProductsList_InitRecognizer.swift */; settings = {ASSET_TAGS = (); }; };
		99806EB71BC9C1CE00FEE333 /* ContactListCell.swift in Sources */ = {isa = PBXBuildFile; fileRef = 99806EB61BC9C1CE00FEE333 /* ContactListCell.swift */; settings = {ASSET_TAGS = (); }; };
		99806EB91BC9C2C300FEE333 /* Contact_TableView.swift in Sources */ = {isa = PBXBuildFile; fileRef = 99806EB81BC9C2C300FEE333 /* Contact_TableView.swift */; settings = {ASSET_TAGS = (); }; };
		9992E7061BCDCCFF004A2EA2 /* ProductsList_Indicator.swift in Sources */ = {isa = PBXBuildFile; fileRef = 9992E7051BCDCCFF004A2EA2 /* ProductsList_Indicator.swift */; settings = {ASSET_TAGS = (); }; };
		9992E7081BCDD34C004A2EA2 /* ProductsList_ProductsCoreData.swift in Sources */ = {isa = PBXBuildFile; fileRef = 9992E7071BCDD34C004A2EA2 /* ProductsList_ProductsCoreData.swift */; settings = {ASSET_TAGS = (); }; };
		9992E70D1BCDD4C7004A2EA2 /* CDThumbnails+CoreDataProperties.swift in Sources */ = {isa = PBXBuildFile; fileRef = 9992E7091BCDD4C7004A2EA2 /* CDThumbnails+CoreDataProperties.swift */; settings = {ASSET_TAGS = (); }; };
		9992E70E1BCDD4C7004A2EA2 /* CDThumbnails.swift in Sources */ = {isa = PBXBuildFile; fileRef = 9992E70A1BCDD4C7004A2EA2 /* CDThumbnails.swift */; settings = {ASSET_TAGS = (); }; };
		9992E70F1BCDD4C7004A2EA2 /* CDProducts+CoreDataProperties.swift in Sources */ = {isa = PBXBuildFile; fileRef = 9992E70B1BCDD4C7004A2EA2 /* CDProducts+CoreDataProperties.swift */; settings = {ASSET_TAGS = (); }; };
		9992E7101BCDD4C7004A2EA2 /* CDProducts.swift in Sources */ = {isa = PBXBuildFile; fileRef = 9992E70C1BCDD4C7004A2EA2 /* CDProducts.swift */; settings = {ASSET_TAGS = (); }; };
		9992E7121BCDECFB004A2EA2 /* ProductsList_ThumbnailsCoreData.swift in Sources */ = {isa = PBXBuildFile; fileRef = 9992E7111BCDECFB004A2EA2 /* ProductsList_ThumbnailsCoreData.swift */; settings = {ASSET_TAGS = (); }; };
		9992E7141BCEB456004A2EA2 /* SubCategoriesList_CoreData.swift in Sources */ = {isa = PBXBuildFile; fileRef = 9992E7131BCEB456004A2EA2 /* SubCategoriesList_CoreData.swift */; settings = {ASSET_TAGS = (); }; };
		9992E7161BCF35B8004A2EA2 /* ThumbnailImage_CoreData.swift in Sources */ = {isa = PBXBuildFile; fileRef = 9992E7151BCF35B8004A2EA2 /* ThumbnailImage_CoreData.swift */; settings = {ASSET_TAGS = (); }; };
		9992E7191BCF59D4004A2EA2 /* FavoritesController_Main.swift in Sources */ = {isa = PBXBuildFile; fileRef = 9992E7181BCF59D4004A2EA2 /* FavoritesController_Main.swift */; settings = {ASSET_TAGS = (); }; };
		9992E71B1BCF5A1E004A2EA2 /* FavoritesController_CoreData.swift in Sources */ = {isa = PBXBuildFile; fileRef = 9992E71A1BCF5A1E004A2EA2 /* FavoritesController_CoreData.swift */; settings = {ASSET_TAGS = (); }; };
		9992E71D1BCF5D84004A2EA2 /* FavoritesController_TableView.swift in Sources */ = {isa = PBXBuildFile; fileRef = 9992E71C1BCF5D84004A2EA2 /* FavoritesController_TableView.swift */; settings = {ASSET_TAGS = (); }; };
		9992E71F1BCF672A004A2EA2 /* FavoritesController_Style.swift in Sources */ = {isa = PBXBuildFile; fileRef = 9992E71E1BCF672A004A2EA2 /* FavoritesController_Style.swift */; settings = {ASSET_TAGS = (); }; };
		9992E7211BCF678E004A2EA2 /* FavoritesController_FetchThumbnails.swift in Sources */ = {isa = PBXBuildFile; fileRef = 9992E7201BCF678E004A2EA2 /* FavoritesController_FetchThumbnails.swift */; settings = {ASSET_TAGS = (); }; };
		9992E7231BCF6804004A2EA2 /* FavoritesController_ThumbnailsCoreData.swift in Sources */ = {isa = PBXBuildFile; fileRef = 9992E7221BCF6804004A2EA2 /* FavoritesController_ThumbnailsCoreData.swift */; settings = {ASSET_TAGS = (); }; };
		9992E7251BCF6855004A2EA2 /* FavoritesController_SearchBar.swift in Sources */ = {isa = PBXBuildFile; fileRef = 9992E7241BCF6855004A2EA2 /* FavoritesController_SearchBar.swift */; settings = {ASSET_TAGS = (); }; };
		9992E7271BCF6892004A2EA2 /* FavoritesController_InitRecognizer.swift in Sources */ = {isa = PBXBuildFile; fileRef = 9992E7261BCF6892004A2EA2 /* FavoritesController_InitRecognizer.swift */; settings = {ASSET_TAGS = (); }; };
		9992E7291BCF68D3004A2EA2 /* FavoritesController_Observer.swift in Sources */ = {isa = PBXBuildFile; fileRef = 9992E7281BCF68D3004A2EA2 /* FavoritesController_Observer.swift */; settings = {ASSET_TAGS = (); }; };
		9992E72B1BCF690C004A2EA2 /* FavoritesController_Segue.swift in Sources */ = {isa = PBXBuildFile; fileRef = 9992E72A1BCF690C004A2EA2 /* FavoritesController_Segue.swift */; settings = {ASSET_TAGS = (); }; };
		9992E72D1BCF6A2C004A2EA2 /* FavoritesController_Indicator.swift in Sources */ = {isa = PBXBuildFile; fileRef = 9992E72C1BCF6A2C004A2EA2 /* FavoritesController_Indicator.swift */; settings = {ASSET_TAGS = (); }; };
		9992E72F1BCF8A57004A2EA2 /* CategoriesList_FetchVersion.swift in Sources */ = {isa = PBXBuildFile; fileRef = 9992E72E1BCF8A57004A2EA2 /* CategoriesList_FetchVersion.swift */; settings = {ASSET_TAGS = (); }; };
		9992E7311BD0C9F5004A2EA2 /* CategoriesList_indicator.swift in Sources */ = {isa = PBXBuildFile; fileRef = 9992E7301BD0C9F5004A2EA2 /* CategoriesList_indicator.swift */; settings = {ASSET_TAGS = (); }; };
		999AA6751BC4AB6900470164 /* Contact_UILabel.swift in Sources */ = {isa = PBXBuildFile; fileRef = 999AA6741BC4AB6900470164 /* Contact_UILabel.swift */; settings = {ASSET_TAGS = (); }; };
		99C9BD631BA2CE3500B1E847 /* AppDelegate.swift in Sources */ = {isa = PBXBuildFile; fileRef = 99C9BD621BA2CE3500B1E847 /* AppDelegate.swift */; };
		99C9BD651BA2CE3500B1E847 /* CategoriesList_Main.swift in Sources */ = {isa = PBXBuildFile; fileRef = 99C9BD641BA2CE3500B1E847 /* CategoriesList_Main.swift */; };
		99C9BD681BA2CE3500B1E847 /* Main.storyboard in Resources */ = {isa = PBXBuildFile; fileRef = 99C9BD661BA2CE3500B1E847 /* Main.storyboard */; };
		99C9BD6D1BA2CE3500B1E847 /* LaunchScreen.storyboard in Resources */ = {isa = PBXBuildFile; fileRef = 99C9BD6B1BA2CE3500B1E847 /* LaunchScreen.storyboard */; };
		99C9BD781BA2CE3600B1E847 /* MLMFOTOTests.swift in Sources */ = {isa = PBXBuildFile; fileRef = 99C9BD771BA2CE3600B1E847 /* MLMFOTOTests.swift */; };
		99C9BD831BA2CE3600B1E847 /* MLMFOTOUITests.swift in Sources */ = {isa = PBXBuildFile; fileRef = 99C9BD821BA2CE3600B1E847 /* MLMFOTOUITests.swift */; };
		99C9BD961BA327CA00B1E847 /* Categories.swift in Sources */ = {isa = PBXBuildFile; fileRef = 99C9BD951BA327CA00B1E847 /* Categories.swift */; };
		99C9BD991BA3286D00B1E847 /* CategoriesList_TableView.swift in Sources */ = {isa = PBXBuildFile; fileRef = 99C9BD981BA3286D00B1E847 /* CategoriesList_TableView.swift */; };
		99C9BD9B1BA329F400B1E847 /* CategoriesList_Fetch.swift in Sources */ = {isa = PBXBuildFile; fileRef = 99C9BD9A1BA329F400B1E847 /* CategoriesList_Fetch.swift */; };
		99C9BD9D1BA3305400B1E847 /* SubCategories.swift in Sources */ = {isa = PBXBuildFile; fileRef = 99C9BD9C1BA3305400B1E847 /* SubCategories.swift */; };
		99C9BD9F1BA3313300B1E847 /* CategoriesList_Segue.swift in Sources */ = {isa = PBXBuildFile; fileRef = 99C9BD9E1BA3313300B1E847 /* CategoriesList_Segue.swift */; };
		99C9BDA21BA3362500B1E847 /* SubCategoriesList_Main.swift in Sources */ = {isa = PBXBuildFile; fileRef = 99C9BDA11BA3362500B1E847 /* SubCategoriesList_Main.swift */; };
		99C9BDA41BA3369200B1E847 /* SubCategoriesList_TableView.swift in Sources */ = {isa = PBXBuildFile; fileRef = 99C9BDA31BA3369200B1E847 /* SubCategoriesList_TableView.swift */; };
		99C9BDA71BA33AEF00B1E847 /* UIImage.swift in Sources */ = {isa = PBXBuildFile; fileRef = 99C9BDA61BA33AEF00B1E847 /* UIImage.swift */; };
		99C9BDA91BA33B4000B1E847 /* CategoriesList_NavigationBar.swift in Sources */ = {isa = PBXBuildFile; fileRef = 99C9BDA81BA33B4000B1E847 /* CategoriesList_NavigationBar.swift */; };
		99C9BDAE1BA3B33400B1E847 /* ProductsList_Main.swift in Sources */ = {isa = PBXBuildFile; fileRef = 99C9BDAD1BA3B33400B1E847 /* ProductsList_Main.swift */; };
		99C9BDB01BA3B37F00B1E847 /* ProductsList_TableView.swift in Sources */ = {isa = PBXBuildFile; fileRef = 99C9BDAF1BA3B37F00B1E847 /* ProductsList_TableView.swift */; };
		99C9BDB91BA3C1EA00B1E847 /* Products.swift in Sources */ = {isa = PBXBuildFile; fileRef = 99C9BDB81BA3C1EA00B1E847 /* Products.swift */; };
		99C9BDBB1BA3C2DE00B1E847 /* SubCategoriesList_Segue.swift in Sources */ = {isa = PBXBuildFile; fileRef = 99C9BDBA1BA3C2DE00B1E847 /* SubCategoriesList_Segue.swift */; };
		99C9BDBD1BA3C37700B1E847 /* ProductsList_Fetch.swift in Sources */ = {isa = PBXBuildFile; fileRef = 99C9BDBC1BA3C37700B1E847 /* ProductsList_Fetch.swift */; };
		99D473AA1BC411F7003FC833 /* Contact_Main.swift in Sources */ = {isa = PBXBuildFile; fileRef = 99D473A91BC411F7003FC833 /* Contact_Main.swift */; settings = {ASSET_TAGS = (); }; };
		99D473AC1BC41337003FC833 /* Contact_Map.swift in Sources */ = {isa = PBXBuildFile; fileRef = 99D473AB1BC41337003FC833 /* Contact_Map.swift */; settings = {ASSET_TAGS = (); }; };
		99D473AE1BC414E5003FC833 /* Annotation.swift in Sources */ = {isa = PBXBuildFile; fileRef = 99D473AD1BC414E5003FC833 /* Annotation.swift */; settings = {ASSET_TAGS = (); }; };
		99E199981BC0320E00F05B85 /* ProductDetailCell.swift in Sources */ = {isa = PBXBuildFile; fileRef = 99E199971BC0320E00F05B85 /* ProductDetailCell.swift */; settings = {ASSET_TAGS = (); }; };
		99E1999E1BC2864100F05B85 /* ProductsList_FetchThumbnails.swift in Sources */ = {isa = PBXBuildFile; fileRef = 99E1999D1BC2864100F05B85 /* ProductsList_FetchThumbnails.swift */; settings = {ASSET_TAGS = (); }; };
		99E199A01BC286EC00F05B85 /* GLOBAL_VALUES.swift in Sources */ = {isa = PBXBuildFile; fileRef = 99E1999F1BC286EC00F05B85 /* GLOBAL_VALUES.swift */; settings = {ASSET_TAGS = (); }; };
		99E199A21BC2AB0600F05B85 /* Assets.xcassets in Resources */ = {isa = PBXBuildFile; fileRef = 99E199A11BC2AB0600F05B85 /* Assets.xcassets */; settings = {ASSET_TAGS = (); }; };
		99F7A2C51BC428F3000E24E2 /* CategoriesList_Style.swift in Sources */ = {isa = PBXBuildFile; fileRef = 99F7A2C41BC428F3000E24E2 /* CategoriesList_Style.swift */; settings = {ASSET_TAGS = (); }; };
		99F7A2C71BC42C5D000E24E2 /* Contact_Style.swift in Sources */ = {isa = PBXBuildFile; fileRef = 99F7A2C61BC42C5D000E24E2 /* Contact_Style.swift */; settings = {ASSET_TAGS = (); }; };
		A527A2CAC328B4CA6B6C7A4F /* Pods_MLMFOTO.framework in Frameworks */ = {isa = PBXBuildFile; fileRef = 5607058EB0C78AFAD2A1EFB3 /* Pods_MLMFOTO.framework */; };
/* End PBXBuildFile section */

/* Begin PBXContainerItemProxy section */
		99C9BD741BA2CE3600B1E847 /* PBXContainerItemProxy */ = {
			isa = PBXContainerItemProxy;
			containerPortal = 99C9BD571BA2CE3500B1E847 /* Project object */;
			proxyType = 1;
			remoteGlobalIDString = 99C9BD5E1BA2CE3500B1E847;
			remoteInfo = MLMFOTO;
		};
		99C9BD7F1BA2CE3600B1E847 /* PBXContainerItemProxy */ = {
			isa = PBXContainerItemProxy;
			containerPortal = 99C9BD571BA2CE3500B1E847 /* Project object */;
			proxyType = 1;
			remoteGlobalIDString = 99C9BD5E1BA2CE3500B1E847;
			remoteInfo = MLMFOTO;
		};
/* End PBXContainerItemProxy section */

/* Begin PBXFileReference section */
		5607058EB0C78AFAD2A1EFB3 /* Pods_MLMFOTO.framework */ = {isa = PBXFileReference; explicitFileType = wrapper.framework; includeInIndex = 0; path = Pods_MLMFOTO.framework; sourceTree = BUILT_PRODUCTS_DIR; };
		7149A0F05B0CF5F135172C54 /* Pods-MLMFOTO.release.xcconfig */ = {isa = PBXFileReference; includeInIndex = 1; lastKnownFileType = text.xcconfig; name = "Pods-MLMFOTO.release.xcconfig"; path = "Pods/Target Support Files/Pods-MLMFOTO/Pods-MLMFOTO.release.xcconfig"; sourceTree = "<group>"; };
		993611C11BCD4EAB004B7F88 /* MLMFOTO.xcdatamodel */ = {isa = PBXFileReference; lastKnownFileType = wrapper.xcdatamodel; path = MLMFOTO.xcdatamodel; sourceTree = "<group>"; };
		993611C61BCD547F004B7F88 /* CDCategories+CoreDataProperties.swift */ = {isa = PBXFileReference; fileEncoding = 4; lastKnownFileType = sourcecode.swift; path = "CDCategories+CoreDataProperties.swift"; sourceTree = "<group>"; };
		993611C71BCD547F004B7F88 /* CDCategories.swift */ = {isa = PBXFileReference; fileEncoding = 4; lastKnownFileType = sourcecode.swift; path = CDCategories.swift; sourceTree = "<group>"; };
		993611CA1BCD557A004B7F88 /* CategoriesList_CoreData.swift */ = {isa = PBXFileReference; fileEncoding = 4; lastKnownFileType = sourcecode.swift; path = CategoriesList_CoreData.swift; sourceTree = "<group>"; };
		996E32661BCB676B00165DA1 /* ThumbnailImage_Main.swift */ = {isa = PBXFileReference; fileEncoding = 4; lastKnownFileType = sourcecode.swift; path = ThumbnailImage_Main.swift; sourceTree = "<group>"; };
		996E32681BCB680900165DA1 /* ThumbnailImage_Fetch.swift */ = {isa = PBXFileReference; fileEncoding = 4; lastKnownFileType = sourcecode.swift; path = ThumbnailImage_Fetch.swift; sourceTree = "<group>"; };
		996E326E1BCB71C500165DA1 /* ProductsList_Segue.swift */ = {isa = PBXFileReference; fileEncoding = 4; lastKnownFileType = sourcecode.swift; path = ProductsList_Segue.swift; sourceTree = "<group>"; };
		996E32701BCB86D900165DA1 /* ThumbnailImage_Indicator.swift */ = {isa = PBXFileReference; fileEncoding = 4; lastKnownFileType = sourcecode.swift; path = ThumbnailImage_Indicator.swift; sourceTree = "<group>"; };
		996E32721BCB8C2C00165DA1 /* ThumbnailImage_DisplayImage.swift */ = {isa = PBXFileReference; fileEncoding = 4; lastKnownFileType = sourcecode.swift; path = ThumbnailImage_DisplayImage.swift; sourceTree = "<group>"; };
		996E32761BCC5F0300165DA1 /* CategoriesList_SearchBar.swift */ = {isa = PBXFileReference; fileEncoding = 4; lastKnownFileType = sourcecode.swift; path = CategoriesList_SearchBar.swift; sourceTree = "<group>"; };
		996E32781BCC76C600165DA1 /* LightSearchController.swift */ = {isa = PBXFileReference; fileEncoding = 4; lastKnownFileType = sourcecode.swift; path = LightSearchController.swift; sourceTree = "<group>"; };
		996E327C1BCCFDD200165DA1 /* SubCategoriesList_SearchBar.swift */ = {isa = PBXFileReference; fileEncoding = 4; lastKnownFileType = sourcecode.swift; path = SubCategoriesList_SearchBar.swift; sourceTree = "<group>"; };
		996E327E1BCD025B00165DA1 /* ProductsList_SearchBar.swift */ = {isa = PBXFileReference; fileEncoding = 4; lastKnownFileType = sourcecode.swift; path = ProductsList_SearchBar.swift; sourceTree = "<group>"; };
		996E32801BCD030200165DA1 /* ProductsList_Style.swift */ = {isa = PBXFileReference; fileEncoding = 4; lastKnownFileType = sourcecode.swift; path = ProductsList_Style.swift; sourceTree = "<group>"; };
		996E32841BCD0ED900165DA1 /* ProductsList_Observer.swift */ = {isa = PBXFileReference; fileEncoding = 4; lastKnownFileType = sourcecode.swift; path = ProductsList_Observer.swift; sourceTree = "<group>"; };
		996E32861BCD130900165DA1 /* SubCategoriesList_Observer.swift */ = {isa = PBXFileReference; fileEncoding = 4; lastKnownFileType = sourcecode.swift; path = SubCategoriesList_Observer.swift; sourceTree = "<group>"; };
		996E32881BCD13AF00165DA1 /* CategoriesList_Observer.swift */ = {isa = PBXFileReference; fileEncoding = 4; lastKnownFileType = sourcecode.swift; path = CategoriesList_Observer.swift; sourceTree = "<group>"; };
		997C4F261BC9D3C1003B7A4E /* SubCategoriesList_Style.swift */ = {isa = PBXFileReference; fileEncoding = 4; lastKnownFileType = sourcecode.swift; path = SubCategoriesList_Style.swift; sourceTree = "<group>"; };
		99806EAA1BC4CEED00FEE333 /* Contact_InitRecognizer.swift */ = {isa = PBXFileReference; fileEncoding = 4; lastKnownFileType = sourcecode.swift; path = Contact_InitRecognizer.swift; sourceTree = "<group>"; };
		99806EAC1BC4CFDA00FEE333 /* Contact_TapRecognizer.swift */ = {isa = PBXFileReference; fileEncoding = 4; lastKnownFileType = sourcecode.swift; path = Contact_TapRecognizer.swift; sourceTree = "<group>"; };
		99806EAE1BC4D35B00FEE333 /* Contact_Alert.swift */ = {isa = PBXFileReference; fileEncoding = 4; lastKnownFileType = sourcecode.swift; path = Contact_Alert.swift; sourceTree = "<group>"; };
		99806EB01BC87CBF00FEE333 /* ProductDetailWithoutThumbnailCell.swift */ = {isa = PBXFileReference; fileEncoding = 4; lastKnownFileType = sourcecode.swift; path = ProductDetailWithoutThumbnailCell.swift; sourceTree = "<group>"; };
		99806EB21BC8C26800FEE333 /* ProductsList_InitRecognizer.swift */ = {isa = PBXFileReference; fileEncoding = 4; lastKnownFileType = sourcecode.swift; path = ProductsList_InitRecognizer.swift; sourceTree = "<group>"; };
		99806EB61BC9C1CE00FEE333 /* ContactListCell.swift */ = {isa = PBXFileReference; fileEncoding = 4; lastKnownFileType = sourcecode.swift; path = ContactListCell.swift; sourceTree = "<group>"; };
		99806EB81BC9C2C300FEE333 /* Contact_TableView.swift */ = {isa = PBXFileReference; fileEncoding = 4; lastKnownFileType = sourcecode.swift; path = Contact_TableView.swift; sourceTree = "<group>"; };
		998B95571BA73EFC00B30B76 /* MLMFOTO-Bridging-Header.h */ = {isa = PBXFileReference; lastKnownFileType = sourcecode.c.h; path = "MLMFOTO-Bridging-Header.h"; sourceTree = "<group>"; };
		9992E7051BCDCCFF004A2EA2 /* ProductsList_Indicator.swift */ = {isa = PBXFileReference; fileEncoding = 4; lastKnownFileType = sourcecode.swift; path = ProductsList_Indicator.swift; sourceTree = "<group>"; };
		9992E7071BCDD34C004A2EA2 /* ProductsList_ProductsCoreData.swift */ = {isa = PBXFileReference; fileEncoding = 4; lastKnownFileType = sourcecode.swift; path = ProductsList_ProductsCoreData.swift; sourceTree = "<group>"; };
		9992E7091BCDD4C7004A2EA2 /* CDThumbnails+CoreDataProperties.swift */ = {isa = PBXFileReference; fileEncoding = 4; lastKnownFileType = sourcecode.swift; path = "CDThumbnails+CoreDataProperties.swift"; sourceTree = "<group>"; };
		9992E70A1BCDD4C7004A2EA2 /* CDThumbnails.swift */ = {isa = PBXFileReference; fileEncoding = 4; lastKnownFileType = sourcecode.swift; path = CDThumbnails.swift; sourceTree = "<group>"; };
		9992E70B1BCDD4C7004A2EA2 /* CDProducts+CoreDataProperties.swift */ = {isa = PBXFileReference; fileEncoding = 4; lastKnownFileType = sourcecode.swift; path = "CDProducts+CoreDataProperties.swift"; sourceTree = "<group>"; };
		9992E70C1BCDD4C7004A2EA2 /* CDProducts.swift */ = {isa = PBXFileReference; fileEncoding = 4; lastKnownFileType = sourcecode.swift; path = CDProducts.swift; sourceTree = "<group>"; };
		9992E7111BCDECFB004A2EA2 /* ProductsList_ThumbnailsCoreData.swift */ = {isa = PBXFileReference; fileEncoding = 4; lastKnownFileType = sourcecode.swift; path = ProductsList_ThumbnailsCoreData.swift; sourceTree = "<group>"; };
		9992E7131BCEB456004A2EA2 /* SubCategoriesList_CoreData.swift */ = {isa = PBXFileReference; fileEncoding = 4; lastKnownFileType = sourcecode.swift; path = SubCategoriesList_CoreData.swift; sourceTree = "<group>"; };
		9992E7151BCF35B8004A2EA2 /* ThumbnailImage_CoreData.swift */ = {isa = PBXFileReference; fileEncoding = 4; lastKnownFileType = sourcecode.swift; path = ThumbnailImage_CoreData.swift; sourceTree = "<group>"; };
		9992E7181BCF59D4004A2EA2 /* FavoritesController_Main.swift */ = {isa = PBXFileReference; fileEncoding = 4; lastKnownFileType = sourcecode.swift; path = FavoritesController_Main.swift; sourceTree = "<group>"; };
		9992E71A1BCF5A1E004A2EA2 /* FavoritesController_CoreData.swift */ = {isa = PBXFileReference; fileEncoding = 4; lastKnownFileType = sourcecode.swift; path = FavoritesController_CoreData.swift; sourceTree = "<group>"; };
		9992E71C1BCF5D84004A2EA2 /* FavoritesController_TableView.swift */ = {isa = PBXFileReference; fileEncoding = 4; lastKnownFileType = sourcecode.swift; path = FavoritesController_TableView.swift; sourceTree = "<group>"; };
		9992E71E1BCF672A004A2EA2 /* FavoritesController_Style.swift */ = {isa = PBXFileReference; fileEncoding = 4; lastKnownFileType = sourcecode.swift; path = FavoritesController_Style.swift; sourceTree = "<group>"; };
		9992E7201BCF678E004A2EA2 /* FavoritesController_FetchThumbnails.swift */ = {isa = PBXFileReference; fileEncoding = 4; lastKnownFileType = sourcecode.swift; path = FavoritesController_FetchThumbnails.swift; sourceTree = "<group>"; };
		9992E7221BCF6804004A2EA2 /* FavoritesController_ThumbnailsCoreData.swift */ = {isa = PBXFileReference; fileEncoding = 4; lastKnownFileType = sourcecode.swift; path = FavoritesController_ThumbnailsCoreData.swift; sourceTree = "<group>"; };
		9992E7241BCF6855004A2EA2 /* FavoritesController_SearchBar.swift */ = {isa = PBXFileReference; fileEncoding = 4; lastKnownFileType = sourcecode.swift; path = FavoritesController_SearchBar.swift; sourceTree = "<group>"; };
		9992E7261BCF6892004A2EA2 /* FavoritesController_InitRecognizer.swift */ = {isa = PBXFileReference; fileEncoding = 4; lastKnownFileType = sourcecode.swift; path = FavoritesController_InitRecognizer.swift; sourceTree = "<group>"; };
		9992E7281BCF68D3004A2EA2 /* FavoritesController_Observer.swift */ = {isa = PBXFileReference; fileEncoding = 4; lastKnownFileType = sourcecode.swift; path = FavoritesController_Observer.swift; sourceTree = "<group>"; };
		9992E72A1BCF690C004A2EA2 /* FavoritesController_Segue.swift */ = {isa = PBXFileReference; fileEncoding = 4; lastKnownFileType = sourcecode.swift; path = FavoritesController_Segue.swift; sourceTree = "<group>"; };
		9992E72C1BCF6A2C004A2EA2 /* FavoritesController_Indicator.swift */ = {isa = PBXFileReference; fileEncoding = 4; lastKnownFileType = sourcecode.swift; path = FavoritesController_Indicator.swift; sourceTree = "<group>"; };
		9992E72E1BCF8A57004A2EA2 /* CategoriesList_FetchVersion.swift */ = {isa = PBXFileReference; fileEncoding = 4; lastKnownFileType = sourcecode.swift; path = CategoriesList_FetchVersion.swift; sourceTree = "<group>"; };
		9992E7301BD0C9F5004A2EA2 /* CategoriesList_indicator.swift */ = {isa = PBXFileReference; fileEncoding = 4; lastKnownFileType = sourcecode.swift; path = CategoriesList_indicator.swift; sourceTree = "<group>"; };
		999AA6741BC4AB6900470164 /* Contact_UILabel.swift */ = {isa = PBXFileReference; fileEncoding = 4; lastKnownFileType = sourcecode.swift; path = Contact_UILabel.swift; sourceTree = "<group>"; };
		99C9BD5F1BA2CE3500B1E847 /* MLMFOTO.app */ = {isa = PBXFileReference; explicitFileType = wrapper.application; includeInIndex = 0; path = MLMFOTO.app; sourceTree = BUILT_PRODUCTS_DIR; };
		99C9BD621BA2CE3500B1E847 /* AppDelegate.swift */ = {isa = PBXFileReference; lastKnownFileType = sourcecode.swift; path = AppDelegate.swift; sourceTree = "<group>"; };
		99C9BD641BA2CE3500B1E847 /* CategoriesList_Main.swift */ = {isa = PBXFileReference; lastKnownFileType = sourcecode.swift; path = CategoriesList_Main.swift; sourceTree = "<group>"; };
		99C9BD671BA2CE3500B1E847 /* Base */ = {isa = PBXFileReference; lastKnownFileType = file.storyboard; name = Base; path = Base.lproj/Main.storyboard; sourceTree = "<group>"; };
		99C9BD6C1BA2CE3500B1E847 /* Base */ = {isa = PBXFileReference; lastKnownFileType = file.storyboard; name = Base; path = Base.lproj/LaunchScreen.storyboard; sourceTree = "<group>"; };
		99C9BD6E1BA2CE3500B1E847 /* Info.plist */ = {isa = PBXFileReference; lastKnownFileType = text.plist.xml; path = Info.plist; sourceTree = "<group>"; };
		99C9BD731BA2CE3600B1E847 /* MLMFOTOTests.xctest */ = {isa = PBXFileReference; explicitFileType = wrapper.cfbundle; includeInIndex = 0; path = MLMFOTOTests.xctest; sourceTree = BUILT_PRODUCTS_DIR; };
		99C9BD771BA2CE3600B1E847 /* MLMFOTOTests.swift */ = {isa = PBXFileReference; lastKnownFileType = sourcecode.swift; path = MLMFOTOTests.swift; sourceTree = "<group>"; };
		99C9BD791BA2CE3600B1E847 /* Info.plist */ = {isa = PBXFileReference; lastKnownFileType = text.plist.xml; path = Info.plist; sourceTree = "<group>"; };
		99C9BD7E1BA2CE3600B1E847 /* MLMFOTOUITests.xctest */ = {isa = PBXFileReference; explicitFileType = wrapper.cfbundle; includeInIndex = 0; path = MLMFOTOUITests.xctest; sourceTree = BUILT_PRODUCTS_DIR; };
		99C9BD821BA2CE3600B1E847 /* MLMFOTOUITests.swift */ = {isa = PBXFileReference; lastKnownFileType = sourcecode.swift; path = MLMFOTOUITests.swift; sourceTree = "<group>"; };
		99C9BD841BA2CE3600B1E847 /* Info.plist */ = {isa = PBXFileReference; lastKnownFileType = text.plist.xml; path = Info.plist; sourceTree = "<group>"; };
		99C9BD951BA327CA00B1E847 /* Categories.swift */ = {isa = PBXFileReference; fileEncoding = 4; lastKnownFileType = sourcecode.swift; path = Categories.swift; sourceTree = "<group>"; };
		99C9BD981BA3286D00B1E847 /* CategoriesList_TableView.swift */ = {isa = PBXFileReference; fileEncoding = 4; lastKnownFileType = sourcecode.swift; path = CategoriesList_TableView.swift; sourceTree = "<group>"; };
		99C9BD9A1BA329F400B1E847 /* CategoriesList_Fetch.swift */ = {isa = PBXFileReference; fileEncoding = 4; lastKnownFileType = sourcecode.swift; path = CategoriesList_Fetch.swift; sourceTree = "<group>"; };
		99C9BD9C1BA3305400B1E847 /* SubCategories.swift */ = {isa = PBXFileReference; fileEncoding = 4; lastKnownFileType = sourcecode.swift; path = SubCategories.swift; sourceTree = "<group>"; };
		99C9BD9E1BA3313300B1E847 /* CategoriesList_Segue.swift */ = {isa = PBXFileReference; fileEncoding = 4; lastKnownFileType = sourcecode.swift; path = CategoriesList_Segue.swift; sourceTree = "<group>"; };
		99C9BDA11BA3362500B1E847 /* SubCategoriesList_Main.swift */ = {isa = PBXFileReference; fileEncoding = 4; lastKnownFileType = sourcecode.swift; path = SubCategoriesList_Main.swift; sourceTree = "<group>"; };
		99C9BDA31BA3369200B1E847 /* SubCategoriesList_TableView.swift */ = {isa = PBXFileReference; fileEncoding = 4; lastKnownFileType = sourcecode.swift; path = SubCategoriesList_TableView.swift; sourceTree = "<group>"; };
		99C9BDA61BA33AEF00B1E847 /* UIImage.swift */ = {isa = PBXFileReference; fileEncoding = 4; lastKnownFileType = sourcecode.swift; path = UIImage.swift; sourceTree = "<group>"; };
		99C9BDA81BA33B4000B1E847 /* CategoriesList_NavigationBar.swift */ = {isa = PBXFileReference; fileEncoding = 4; lastKnownFileType = sourcecode.swift; path = CategoriesList_NavigationBar.swift; sourceTree = "<group>"; };
		99C9BDAD1BA3B33400B1E847 /* ProductsList_Main.swift */ = {isa = PBXFileReference; fileEncoding = 4; lastKnownFileType = sourcecode.swift; path = ProductsList_Main.swift; sourceTree = "<group>"; };
		99C9BDAF1BA3B37F00B1E847 /* ProductsList_TableView.swift */ = {isa = PBXFileReference; fileEncoding = 4; lastKnownFileType = sourcecode.swift; path = ProductsList_TableView.swift; sourceTree = "<group>"; };
		99C9BDB71BA3BD1600B1E847 /* Playground.playground */ = {isa = PBXFileReference; lastKnownFileType = file.playground; path = Playground.playground; sourceTree = "<group>"; };
		99C9BDB81BA3C1EA00B1E847 /* Products.swift */ = {isa = PBXFileReference; fileEncoding = 4; lastKnownFileType = sourcecode.swift; path = Products.swift; sourceTree = "<group>"; };
		99C9BDBA1BA3C2DE00B1E847 /* SubCategoriesList_Segue.swift */ = {isa = PBXFileReference; fileEncoding = 4; lastKnownFileType = sourcecode.swift; path = SubCategoriesList_Segue.swift; sourceTree = "<group>"; };
		99C9BDBC1BA3C37700B1E847 /* ProductsList_Fetch.swift */ = {isa = PBXFileReference; fileEncoding = 4; lastKnownFileType = sourcecode.swift; path = ProductsList_Fetch.swift; sourceTree = "<group>"; };
		99D473A91BC411F7003FC833 /* Contact_Main.swift */ = {isa = PBXFileReference; fileEncoding = 4; lastKnownFileType = sourcecode.swift; path = Contact_Main.swift; sourceTree = "<group>"; };
		99D473AB1BC41337003FC833 /* Contact_Map.swift */ = {isa = PBXFileReference; fileEncoding = 4; lastKnownFileType = sourcecode.swift; path = Contact_Map.swift; sourceTree = "<group>"; };
		99D473AD1BC414E5003FC833 /* Annotation.swift */ = {isa = PBXFileReference; fileEncoding = 4; lastKnownFileType = sourcecode.swift; path = Annotation.swift; sourceTree = "<group>"; };
		99E199971BC0320E00F05B85 /* ProductDetailCell.swift */ = {isa = PBXFileReference; fileEncoding = 4; lastKnownFileType = sourcecode.swift; path = ProductDetailCell.swift; sourceTree = "<group>"; };
		99E1999D1BC2864100F05B85 /* ProductsList_FetchThumbnails.swift */ = {isa = PBXFileReference; fileEncoding = 4; lastKnownFileType = sourcecode.swift; path = ProductsList_FetchThumbnails.swift; sourceTree = "<group>"; };
		99E1999F1BC286EC00F05B85 /* GLOBAL_VALUES.swift */ = {isa = PBXFileReference; fileEncoding = 4; lastKnownFileType = sourcecode.swift; path = GLOBAL_VALUES.swift; sourceTree = "<group>"; };
		99E199A11BC2AB0600F05B85 /* Assets.xcassets */ = {isa = PBXFileReference; lastKnownFileType = folder.assetcatalog; path = Assets.xcassets; sourceTree = "<group>"; };
		99F7A2C41BC428F3000E24E2 /* CategoriesList_Style.swift */ = {isa = PBXFileReference; fileEncoding = 4; lastKnownFileType = sourcecode.swift; path = CategoriesList_Style.swift; sourceTree = "<group>"; };
		99F7A2C61BC42C5D000E24E2 /* Contact_Style.swift */ = {isa = PBXFileReference; fileEncoding = 4; lastKnownFileType = sourcecode.swift; path = Contact_Style.swift; sourceTree = "<group>"; };
		B60033EB39D60128EB6EF7E6 /* Pods-MLMFOTO.debug.xcconfig */ = {isa = PBXFileReference; includeInIndex = 1; lastKnownFileType = text.xcconfig; name = "Pods-MLMFOTO.debug.xcconfig"; path = "Pods/Target Support Files/Pods-MLMFOTO/Pods-MLMFOTO.debug.xcconfig"; sourceTree = "<group>"; };
/* End PBXFileReference section */

/* Begin PBXFrameworksBuildPhase section */
		99C9BD5C1BA2CE3500B1E847 /* Frameworks */ = {
			isa = PBXFrameworksBuildPhase;
			buildActionMask = 2147483647;
			files = (
				A527A2CAC328B4CA6B6C7A4F /* Pods_MLMFOTO.framework in Frameworks */,
			);
			runOnlyForDeploymentPostprocessing = 0;
		};
		99C9BD701BA2CE3600B1E847 /* Frameworks */ = {
			isa = PBXFrameworksBuildPhase;
			buildActionMask = 2147483647;
			files = (
			);
			runOnlyForDeploymentPostprocessing = 0;
		};
		99C9BD7B1BA2CE3600B1E847 /* Frameworks */ = {
			isa = PBXFrameworksBuildPhase;
			buildActionMask = 2147483647;
			files = (
			);
			runOnlyForDeploymentPostprocessing = 0;
		};
/* End PBXFrameworksBuildPhase section */

/* Begin PBXGroup section */
		049DE37C8F5D59E92B7E8F25 /* Pods */ = {
			isa = PBXGroup;
			children = (
				B60033EB39D60128EB6EF7E6 /* Pods-MLMFOTO.debug.xcconfig */,
				7149A0F05B0CF5F135172C54 /* Pods-MLMFOTO.release.xcconfig */,
			);
			name = Pods;
			sourceTree = "<group>";
		};
		993611C51BCD534C004B7F88 /* CoreData Models */ = {
			isa = PBXGroup;
			children = (
				993611C61BCD547F004B7F88 /* CDCategories+CoreDataProperties.swift */,
				993611C71BCD547F004B7F88 /* CDCategories.swift */,
				9992E7091BCDD4C7004A2EA2 /* CDThumbnails+CoreDataProperties.swift */,
				9992E70A1BCDD4C7004A2EA2 /* CDThumbnails.swift */,
				9992E70B1BCDD4C7004A2EA2 /* CDProducts+CoreDataProperties.swift */,
				9992E70C1BCDD4C7004A2EA2 /* CDProducts.swift */,
			);
			name = "CoreData Models";
			sourceTree = "<group>";
		};
		996E32651BCB675000165DA1 /* Thumbnail Image */ = {
			isa = PBXGroup;
			children = (
				996E32661BCB676B00165DA1 /* ThumbnailImage_Main.swift */,
				996E32681BCB680900165DA1 /* ThumbnailImage_Fetch.swift */,
				9992E7151BCF35B8004A2EA2 /* ThumbnailImage_CoreData.swift */,
				996E32701BCB86D900165DA1 /* ThumbnailImage_Indicator.swift */,
				996E32721BCB8C2C00165DA1 /* ThumbnailImage_DisplayImage.swift */,
			);
			name = "Thumbnail Image";
			sourceTree = "<group>";
		};
		996E327A1BCC772F00165DA1 /* Search Controller */ = {
			isa = PBXGroup;
			children = (
				996E32781BCC76C600165DA1 /* LightSearchController.swift */,
			);
			name = "Search Controller";
			sourceTree = "<group>";
		};
		996E327B1BCC774100165DA1 /* Custom Classes */ = {
			isa = PBXGroup;
			children = (
				99806EB41BC9C17100FEE333 /* Cell */,
				99806EB51BC9C19200FEE333 /* Map Annotation */,
				996E327A1BCC772F00165DA1 /* Search Controller */,
			);
			name = "Custom Classes";
			sourceTree = "<group>";
		};
		99806EB41BC9C17100FEE333 /* Cell */ = {
			isa = PBXGroup;
			children = (
				99806EB01BC87CBF00FEE333 /* ProductDetailWithoutThumbnailCell.swift */,
				99E199971BC0320E00F05B85 /* ProductDetailCell.swift */,
				99806EB61BC9C1CE00FEE333 /* ContactListCell.swift */,
			);
			name = Cell;
			sourceTree = "<group>";
		};
		99806EB51BC9C19200FEE333 /* Map Annotation */ = {
			isa = PBXGroup;
			children = (
				99D473AD1BC414E5003FC833 /* Annotation.swift */,
			);
			name = "Map Annotation";
			sourceTree = "<group>";
		};
		9992E7171BCF59B6004A2EA2 /* Favorites */ = {
			isa = PBXGroup;
			children = (
				9992E7181BCF59D4004A2EA2 /* FavoritesController_Main.swift */,
				9992E71E1BCF672A004A2EA2 /* FavoritesController_Style.swift */,
				9992E7201BCF678E004A2EA2 /* FavoritesController_FetchThumbnails.swift */,
				9992E71A1BCF5A1E004A2EA2 /* FavoritesController_CoreData.swift */,
				9992E72C1BCF6A2C004A2EA2 /* FavoritesController_Indicator.swift */,
				9992E7221BCF6804004A2EA2 /* FavoritesController_ThumbnailsCoreData.swift */,
				9992E71C1BCF5D84004A2EA2 /* FavoritesController_TableView.swift */,
				9992E7241BCF6855004A2EA2 /* FavoritesController_SearchBar.swift */,
				9992E7261BCF6892004A2EA2 /* FavoritesController_InitRecognizer.swift */,
				9992E7281BCF68D3004A2EA2 /* FavoritesController_Observer.swift */,
				9992E72A1BCF690C004A2EA2 /* FavoritesController_Segue.swift */,
			);
			name = Favorites;
			sourceTree = "<group>";
		};
		99C9BD561BA2CE3500B1E847 = {
			isa = PBXGroup;
			children = (
				99C9BD611BA2CE3500B1E847 /* MLMFOTO */,
				99C9BD761BA2CE3600B1E847 /* MLMFOTOTests */,
				99C9BD811BA2CE3600B1E847 /* MLMFOTOUITests */,
				99C9BD601BA2CE3500B1E847 /* Products */,
				B6105D3F677D4E5863FD290C /* Frameworks */,
				049DE37C8F5D59E92B7E8F25 /* Pods */,
			);
			sourceTree = "<group>";
		};
		99C9BD601BA2CE3500B1E847 /* Products */ = {
			isa = PBXGroup;
			children = (
				99C9BD5F1BA2CE3500B1E847 /* MLMFOTO.app */,
				99C9BD731BA2CE3600B1E847 /* MLMFOTOTests.xctest */,
				99C9BD7E1BA2CE3600B1E847 /* MLMFOTOUITests.xctest */,
			);
			name = Products;
			sourceTree = "<group>";
		};
		99C9BD611BA2CE3500B1E847 /* MLMFOTO */ = {
			isa = PBXGroup;
			children = (
				9992E7171BCF59B6004A2EA2 /* Favorites */,
				99D473A81BC411DD003FC833 /* Contact */,
				996E32651BCB675000165DA1 /* Thumbnail Image */,
				99C9BDAA1BA3B1FD00B1E847 /* ProductsList */,
				99C9BDA01BA3360100B1E847 /* SubCategoriesList */,
				99C9BD971BA3284A00B1E847 /* CategoriesList */,
				996E327B1BCC774100165DA1 /* Custom Classes */,
				99C9BD901BA2CF3D00B1E847 /* Models */,
				99C9BDA51BA33A1800B1E847 /* Extension */,
				99C9BD621BA2CE3500B1E847 /* AppDelegate.swift */,
				99E1999F1BC286EC00F05B85 /* GLOBAL_VALUES.swift */,
				99C9BD661BA2CE3500B1E847 /* Main.storyboard */,
				99C9BD6B1BA2CE3500B1E847 /* LaunchScreen.storyboard */,
				99C9BD6E1BA2CE3500B1E847 /* Info.plist */,
				998B95571BA73EFC00B30B76 /* MLMFOTO-Bridging-Header.h */,
				99C9BDB71BA3BD1600B1E847 /* Playground.playground */,
				99E199A11BC2AB0600F05B85 /* Assets.xcassets */,
				993611C01BCD4EAB004B7F88 /* MLMFOTO.xcdatamodeld */,
			);
			path = MLMFOTO;
			sourceTree = "<group>";
		};
		99C9BD761BA2CE3600B1E847 /* MLMFOTOTests */ = {
			isa = PBXGroup;
			children = (
				99C9BD771BA2CE3600B1E847 /* MLMFOTOTests.swift */,
				99C9BD791BA2CE3600B1E847 /* Info.plist */,
			);
			path = MLMFOTOTests;
			sourceTree = "<group>";
		};
		99C9BD811BA2CE3600B1E847 /* MLMFOTOUITests */ = {
			isa = PBXGroup;
			children = (
				99C9BD821BA2CE3600B1E847 /* MLMFOTOUITests.swift */,
				99C9BD841BA2CE3600B1E847 /* Info.plist */,
			);
			path = MLMFOTOUITests;
			sourceTree = "<group>";
		};
		99C9BD901BA2CF3D00B1E847 /* Models */ = {
			isa = PBXGroup;
			children = (
				993611C51BCD534C004B7F88 /* CoreData Models */,
				99C9BD951BA327CA00B1E847 /* Categories.swift */,
				99C9BD9C1BA3305400B1E847 /* SubCategories.swift */,
				99C9BDB81BA3C1EA00B1E847 /* Products.swift */,
			);
			name = Models;
			sourceTree = "<group>";
		};
		99C9BD971BA3284A00B1E847 /* CategoriesList */ = {
			isa = PBXGroup;
			children = (
				99C9BD641BA2CE3500B1E847 /* CategoriesList_Main.swift */,
				99F7A2C41BC428F3000E24E2 /* CategoriesList_Style.swift */,
				9992E72E1BCF8A57004A2EA2 /* CategoriesList_FetchVersion.swift */,
				99C9BD9A1BA329F400B1E847 /* CategoriesList_Fetch.swift */,
				993611CA1BCD557A004B7F88 /* CategoriesList_CoreData.swift */,
				9992E7301BD0C9F5004A2EA2 /* CategoriesList_indicator.swift */,
				99C9BD981BA3286D00B1E847 /* CategoriesList_TableView.swift */,
				996E32761BCC5F0300165DA1 /* CategoriesList_SearchBar.swift */,
				99C9BDA81BA33B4000B1E847 /* CategoriesList_NavigationBar.swift */,
				996E32881BCD13AF00165DA1 /* CategoriesList_Observer.swift */,
				99C9BD9E1BA3313300B1E847 /* CategoriesList_Segue.swift */,
			);
			name = CategoriesList;
			sourceTree = "<group>";
		};
		99C9BDA01BA3360100B1E847 /* SubCategoriesList */ = {
			isa = PBXGroup;
			children = (
				99C9BDA11BA3362500B1E847 /* SubCategoriesList_Main.swift */,
				997C4F261BC9D3C1003B7A4E /* SubCategoriesList_Style.swift */,
				9992E7131BCEB456004A2EA2 /* SubCategoriesList_CoreData.swift */,
				99C9BDA31BA3369200B1E847 /* SubCategoriesList_TableView.swift */,
				996E327C1BCCFDD200165DA1 /* SubCategoriesList_SearchBar.swift */,
				996E32861BCD130900165DA1 /* SubCategoriesList_Observer.swift */,
				99C9BDBA1BA3C2DE00B1E847 /* SubCategoriesList_Segue.swift */,
			);
			name = SubCategoriesList;
			sourceTree = "<group>";
		};
		99C9BDA51BA33A1800B1E847 /* Extension */ = {
			isa = PBXGroup;
			children = (
				99C9BDA61BA33AEF00B1E847 /* UIImage.swift */,
			);
			name = Extension;
			sourceTree = "<group>";
		};
		99C9BDAA1BA3B1FD00B1E847 /* ProductsList */ = {
			isa = PBXGroup;
			children = (
				99C9BDAD1BA3B33400B1E847 /* ProductsList_Main.swift */,
				996E32801BCD030200165DA1 /* ProductsList_Style.swift */,
				99C9BDBC1BA3C37700B1E847 /* ProductsList_Fetch.swift */,
				99E1999D1BC2864100F05B85 /* ProductsList_FetchThumbnails.swift */,
				9992E7071BCDD34C004A2EA2 /* ProductsList_ProductsCoreData.swift */,
				9992E7111BCDECFB004A2EA2 /* ProductsList_ThumbnailsCoreData.swift */,
				9992E7051BCDCCFF004A2EA2 /* ProductsList_Indicator.swift */,
				99C9BDAF1BA3B37F00B1E847 /* ProductsList_TableView.swift */,
				996E327E1BCD025B00165DA1 /* ProductsList_SearchBar.swift */,
				99806EB21BC8C26800FEE333 /* ProductsList_InitRecognizer.swift */,
				996E32841BCD0ED900165DA1 /* ProductsList_Observer.swift */,
				996E326E1BCB71C500165DA1 /* ProductsList_Segue.swift */,
			);
			name = ProductsList;
			sourceTree = "<group>";
		};
		99D473A81BC411DD003FC833 /* Contact */ = {
			isa = PBXGroup;
			children = (
				99D473A91BC411F7003FC833 /* Contact_Main.swift */,
				99F7A2C61BC42C5D000E24E2 /* Contact_Style.swift */,
				99D473AB1BC41337003FC833 /* Contact_Map.swift */,
				999AA6741BC4AB6900470164 /* Contact_UILabel.swift */,
				99806EAA1BC4CEED00FEE333 /* Contact_InitRecognizer.swift */,
				99806EAC1BC4CFDA00FEE333 /* Contact_TapRecognizer.swift */,
				99806EB81BC9C2C300FEE333 /* Contact_TableView.swift */,
				99806EAE1BC4D35B00FEE333 /* Contact_Alert.swift */,
			);
			name = Contact;
			sourceTree = "<group>";
		};
		B6105D3F677D4E5863FD290C /* Frameworks */ = {
			isa = PBXGroup;
			children = (
				5607058EB0C78AFAD2A1EFB3 /* Pods_MLMFOTO.framework */,
			);
			name = Frameworks;
			sourceTree = "<group>";
		};
/* End PBXGroup section */

/* Begin PBXNativeTarget section */
		99C9BD5E1BA2CE3500B1E847 /* MLMFOTO */ = {
			isa = PBXNativeTarget;
			buildConfigurationList = 99C9BD871BA2CE3600B1E847 /* Build configuration list for PBXNativeTarget "MLMFOTO" */;
			buildPhases = (
				2FB8171B35E15489E25904C1 /* Check Pods Manifest.lock */,
				99C9BD5B1BA2CE3500B1E847 /* Sources */,
				99C9BD5C1BA2CE3500B1E847 /* Frameworks */,
				99C9BD5D1BA2CE3500B1E847 /* Resources */,
				B09BC52C0FB1E4F12859B6DB /* Embed Pods Frameworks */,
				348C18678E74438AAC7135CC /* Copy Pods Resources */,
			);
			buildRules = (
			);
			dependencies = (
			);
			name = MLMFOTO;
			productName = MLMFOTO;
			productReference = 99C9BD5F1BA2CE3500B1E847 /* MLMFOTO.app */;
			productType = "com.apple.product-type.application";
		};
		99C9BD721BA2CE3600B1E847 /* MLMFOTOTests */ = {
			isa = PBXNativeTarget;
			buildConfigurationList = 99C9BD8A1BA2CE3600B1E847 /* Build configuration list for PBXNativeTarget "MLMFOTOTests" */;
			buildPhases = (
				99C9BD6F1BA2CE3600B1E847 /* Sources */,
				99C9BD701BA2CE3600B1E847 /* Frameworks */,
				99C9BD711BA2CE3600B1E847 /* Resources */,
			);
			buildRules = (
			);
			dependencies = (
				99C9BD751BA2CE3600B1E847 /* PBXTargetDependency */,
			);
			name = MLMFOTOTests;
			productName = MLMFOTOTests;
			productReference = 99C9BD731BA2CE3600B1E847 /* MLMFOTOTests.xctest */;
			productType = "com.apple.product-type.bundle.unit-test";
		};
		99C9BD7D1BA2CE3600B1E847 /* MLMFOTOUITests */ = {
			isa = PBXNativeTarget;
			buildConfigurationList = 99C9BD8D1BA2CE3600B1E847 /* Build configuration list for PBXNativeTarget "MLMFOTOUITests" */;
			buildPhases = (
				99C9BD7A1BA2CE3600B1E847 /* Sources */,
				99C9BD7B1BA2CE3600B1E847 /* Frameworks */,
				99C9BD7C1BA2CE3600B1E847 /* Resources */,
			);
			buildRules = (
			);
			dependencies = (
				99C9BD801BA2CE3600B1E847 /* PBXTargetDependency */,
			);
			name = MLMFOTOUITests;
			productName = MLMFOTOUITests;
			productReference = 99C9BD7E1BA2CE3600B1E847 /* MLMFOTOUITests.xctest */;
			productType = "com.apple.product-type.bundle.ui-testing";
		};
/* End PBXNativeTarget section */

/* Begin PBXProject section */
		99C9BD571BA2CE3500B1E847 /* Project object */ = {
			isa = PBXProject;
			attributes = {
				LastSwiftUpdateCheck = 0700;
				LastUpgradeCheck = 0700;
				ORGANIZATIONNAME = "wirawan sanusi";
				TargetAttributes = {
					99C9BD5E1BA2CE3500B1E847 = {
						CreatedOnToolsVersion = 7.0;
						DevelopmentTeam = R6Q6Z424QN;
					};
					99C9BD721BA2CE3600B1E847 = {
						CreatedOnToolsVersion = 7.0;
						TestTargetID = 99C9BD5E1BA2CE3500B1E847;
					};
					99C9BD7D1BA2CE3600B1E847 = {
						CreatedOnToolsVersion = 7.0;
						TestTargetID = 99C9BD5E1BA2CE3500B1E847;
					};
				};
			};
			buildConfigurationList = 99C9BD5A1BA2CE3500B1E847 /* Build configuration list for PBXProject "MLMFOTO" */;
			compatibilityVersion = "Xcode 3.2";
			developmentRegion = English;
			hasScannedForEncodings = 0;
			knownRegions = (
				en,
				Base,
			);
			mainGroup = 99C9BD561BA2CE3500B1E847;
			productRefGroup = 99C9BD601BA2CE3500B1E847 /* Products */;
			projectDirPath = "";
			projectRoot = "";
			targets = (
				99C9BD5E1BA2CE3500B1E847 /* MLMFOTO */,
				99C9BD721BA2CE3600B1E847 /* MLMFOTOTests */,
				99C9BD7D1BA2CE3600B1E847 /* MLMFOTOUITests */,
			);
		};
/* End PBXProject section */

/* Begin PBXResourcesBuildPhase section */
		99C9BD5D1BA2CE3500B1E847 /* Resources */ = {
			isa = PBXResourcesBuildPhase;
			buildActionMask = 2147483647;
			files = (
				99C9BD6D1BA2CE3500B1E847 /* LaunchScreen.storyboard in Resources */,
				99C9BD681BA2CE3500B1E847 /* Main.storyboard in Resources */,
				99E199A21BC2AB0600F05B85 /* Assets.xcassets in Resources */,
			);
			runOnlyForDeploymentPostprocessing = 0;
		};
		99C9BD711BA2CE3600B1E847 /* Resources */ = {
			isa = PBXResourcesBuildPhase;
			buildActionMask = 2147483647;
			files = (
			);
			runOnlyForDeploymentPostprocessing = 0;
		};
		99C9BD7C1BA2CE3600B1E847 /* Resources */ = {
			isa = PBXResourcesBuildPhase;
			buildActionMask = 2147483647;
			files = (
			);
			runOnlyForDeploymentPostprocessing = 0;
		};
/* End PBXResourcesBuildPhase section */

/* Begin PBXShellScriptBuildPhase section */
		2FB8171B35E15489E25904C1 /* Check Pods Manifest.lock */ = {
			isa = PBXShellScriptBuildPhase;
			buildActionMask = 2147483647;
			files = (
			);
			inputPaths = (
			);
			name = "Check Pods Manifest.lock";
			outputPaths = (
			);
			runOnlyForDeploymentPostprocessing = 0;
			shellPath = /bin/sh;
			shellScript = "diff \"${PODS_ROOT}/../Podfile.lock\" \"${PODS_ROOT}/Manifest.lock\" > /dev/null\nif [[ $? != 0 ]] ; then\n    cat << EOM\nerror: The sandbox is not in sync with the Podfile.lock. Run 'pod install' or update your CocoaPods installation.\nEOM\n    exit 1\nfi\n";
			showEnvVarsInLog = 0;
		};
		348C18678E74438AAC7135CC /* Copy Pods Resources */ = {
			isa = PBXShellScriptBuildPhase;
			buildActionMask = 2147483647;
			files = (
			);
			inputPaths = (
			);
			name = "Copy Pods Resources";
			outputPaths = (
			);
			runOnlyForDeploymentPostprocessing = 0;
			shellPath = /bin/sh;
			shellScript = "\"${SRCROOT}/Pods/Target Support Files/Pods-MLMFOTO/Pods-MLMFOTO-resources.sh\"\n";
			showEnvVarsInLog = 0;
		};
		B09BC52C0FB1E4F12859B6DB /* Embed Pods Frameworks */ = {
			isa = PBXShellScriptBuildPhase;
			buildActionMask = 2147483647;
			files = (
			);
			inputPaths = (
			);
			name = "Embed Pods Frameworks";
			outputPaths = (
			);
			runOnlyForDeploymentPostprocessing = 0;
			shellPath = /bin/sh;
			shellScript = "\"${SRCROOT}/Pods/Target Support Files/Pods-MLMFOTO/Pods-MLMFOTO-frameworks.sh\"\n";
			showEnvVarsInLog = 0;
		};
/* End PBXShellScriptBuildPhase section */

/* Begin PBXSourcesBuildPhase section */
		99C9BD5B1BA2CE3500B1E847 /* Sources */ = {
			isa = PBXSourcesBuildPhase;
			buildActionMask = 2147483647;
			files = (
				99806EB91BC9C2C300FEE333 /* Contact_TableView.swift in Sources */,
				9992E7231BCF6804004A2EA2 /* FavoritesController_ThumbnailsCoreData.swift in Sources */,
				9992E71F1BCF672A004A2EA2 /* FavoritesController_Style.swift in Sources */,
				993611C81BCD547F004B7F88 /* CDCategories+CoreDataProperties.swift in Sources */,
				99C9BD651BA2CE3500B1E847 /* CategoriesList_Main.swift in Sources */,
				99C9BDA91BA33B4000B1E847 /* CategoriesList_NavigationBar.swift in Sources */,
				99F7A2C71BC42C5D000E24E2 /* Contact_Style.swift in Sources */,
				9992E7161BCF35B8004A2EA2 /* ThumbnailImage_CoreData.swift in Sources */,
				99C9BDA71BA33AEF00B1E847 /* UIImage.swift in Sources */,
				99C9BDB01BA3B37F00B1E847 /* ProductsList_TableView.swift in Sources */,
				99806EAB1BC4CEED00FEE333 /* Contact_InitRecognizer.swift in Sources */,
				99806EB71BC9C1CE00FEE333 /* ContactListCell.swift in Sources */,
				9992E7081BCDD34C004A2EA2 /* ProductsList_ProductsCoreData.swift in Sources */,
				9992E72B1BCF690C004A2EA2 /* FavoritesController_Segue.swift in Sources */,
				996E327D1BCCFDD200165DA1 /* SubCategoriesList_SearchBar.swift in Sources */,
				9992E7311BD0C9F5004A2EA2 /* CategoriesList_indicator.swift in Sources */,
				996E32671BCB676B00165DA1 /* ThumbnailImage_Main.swift in Sources */,
				99806EB11BC87CBF00FEE333 /* ProductDetailWithoutThumbnailCell.swift in Sources */,
				993611C21BCD4EAB004B7F88 /* MLMFOTO.xcdatamodeld in Sources */,
				99E1999E1BC2864100F05B85 /* ProductsList_FetchThumbnails.swift in Sources */,
				9992E70E1BCDD4C7004A2EA2 /* CDThumbnails.swift in Sources */,
				99D473AC1BC41337003FC833 /* Contact_Map.swift in Sources */,
				999AA6751BC4AB6900470164 /* Contact_UILabel.swift in Sources */,
				99C9BD991BA3286D00B1E847 /* CategoriesList_TableView.swift in Sources */,
				996E32811BCD030200165DA1 /* ProductsList_Style.swift in Sources */,
				996E32711BCB86D900165DA1 /* ThumbnailImage_Indicator.swift in Sources */,
				99C9BD631BA2CE3500B1E847 /* AppDelegate.swift in Sources */,
				99E199981BC0320E00F05B85 /* ProductDetailCell.swift in Sources */,
				9992E7101BCDD4C7004A2EA2 /* CDProducts.swift in Sources */,
				99806EB31BC8C26800FEE333 /* ProductsList_InitRecognizer.swift in Sources */,
				99C9BDA41BA3369200B1E847 /* SubCategoriesList_TableView.swift in Sources */,
				996E32851BCD0ED900165DA1 /* ProductsList_Observer.swift in Sources */,
				9992E71B1BCF5A1E004A2EA2 /* FavoritesController_CoreData.swift in Sources */,
				993611CB1BCD557A004B7F88 /* CategoriesList_CoreData.swift in Sources */,
				9992E7191BCF59D4004A2EA2 /* FavoritesController_Main.swift in Sources */,
				99C9BD9F1BA3313300B1E847 /* CategoriesList_Segue.swift in Sources */,
				997C4F271BC9D3C1003B7A4E /* SubCategoriesList_Style.swift in Sources */,
				9992E7061BCDCCFF004A2EA2 /* ProductsList_Indicator.swift in Sources */,
				996E32871BCD130900165DA1 /* SubCategoriesList_Observer.swift in Sources */,
				99C9BD9B1BA329F400B1E847 /* CategoriesList_Fetch.swift in Sources */,
				99C9BDAE1BA3B33400B1E847 /* ProductsList_Main.swift in Sources */,
				9992E7251BCF6855004A2EA2 /* FavoritesController_SearchBar.swift in Sources */,
				996E32731BCB8C2C00165DA1 /* ThumbnailImage_DisplayImage.swift in Sources */,
				99806EAF1BC4D35B00FEE333 /* Contact_Alert.swift in Sources */,
				99C9BD9D1BA3305400B1E847 /* SubCategories.swift in Sources */,
				9992E70F1BCDD4C7004A2EA2 /* CDProducts+CoreDataProperties.swift in Sources */,
				996E327F1BCD025B00165DA1 /* ProductsList_SearchBar.swift in Sources */,
				996E326F1BCB71C500165DA1 /* ProductsList_Segue.swift in Sources */,
				996E32691BCB680900165DA1 /* ThumbnailImage_Fetch.swift in Sources */,
				99C9BDBB1BA3C2DE00B1E847 /* SubCategoriesList_Segue.swift in Sources */,
				99D473AE1BC414E5003FC833 /* Annotation.swift in Sources */,
				9992E71D1BCF5D84004A2EA2 /* FavoritesController_TableView.swift in Sources */,
				99C9BDB91BA3C1EA00B1E847 /* Products.swift in Sources */,
				99D473AA1BC411F7003FC833 /* Contact_Main.swift in Sources */,
				99C9BDBD1BA3C37700B1E847 /* ProductsList_Fetch.swift in Sources */,
				99C9BD961BA327CA00B1E847 /* Categories.swift in Sources */,
				9992E72D1BCF6A2C004A2EA2 /* FavoritesController_Indicator.swift in Sources */,
				99E199A01BC286EC00F05B85 /* GLOBAL_VALUES.swift in Sources */,
				996E32791BCC76C600165DA1 /* LightSearchController.swift in Sources */,
				9992E7141BCEB456004A2EA2 /* SubCategoriesList_CoreData.swift in Sources */,
				99C9BDA21BA3362500B1E847 /* SubCategoriesList_Main.swift in Sources */,
				996E32771BCC5F0300165DA1 /* CategoriesList_SearchBar.swift in Sources */,
				9992E70D1BCDD4C7004A2EA2 /* CDThumbnails+CoreDataProperties.swift in Sources */,
				993611C91BCD547F004B7F88 /* CDCategories.swift in Sources */,
				9992E7211BCF678E004A2EA2 /* FavoritesController_FetchThumbnails.swift in Sources */,
				9992E72F1BCF8A57004A2EA2 /* CategoriesList_FetchVersion.swift in Sources */,
				9992E7271BCF6892004A2EA2 /* FavoritesController_InitRecognizer.swift in Sources */,
				9992E7291BCF68D3004A2EA2 /* FavoritesController_Observer.swift in Sources */,
				996E32891BCD13AF00165DA1 /* CategoriesList_Observer.swift in Sources */,
				99806EAD1BC4CFDA00FEE333 /* Contact_TapRecognizer.swift in Sources */,
				99F7A2C51BC428F3000E24E2 /* CategoriesList_Style.swift in Sources */,
				9992E7121BCDECFB004A2EA2 /* ProductsList_ThumbnailsCoreData.swift in Sources */,
			);
			runOnlyForDeploymentPostprocessing = 0;
		};
		99C9BD6F1BA2CE3600B1E847 /* Sources */ = {
			isa = PBXSourcesBuildPhase;
			buildActionMask = 2147483647;
			files = (
				99C9BD781BA2CE3600B1E847 /* MLMFOTOTests.swift in Sources */,
			);
			runOnlyForDeploymentPostprocessing = 0;
		};
		99C9BD7A1BA2CE3600B1E847 /* Sources */ = {
			isa = PBXSourcesBuildPhase;
			buildActionMask = 2147483647;
			files = (
				99C9BD831BA2CE3600B1E847 /* MLMFOTOUITests.swift in Sources */,
			);
			runOnlyForDeploymentPostprocessing = 0;
		};
/* End PBXSourcesBuildPhase section */

/* Begin PBXTargetDependency section */
		99C9BD751BA2CE3600B1E847 /* PBXTargetDependency */ = {
			isa = PBXTargetDependency;
			target = 99C9BD5E1BA2CE3500B1E847 /* MLMFOTO */;
			targetProxy = 99C9BD741BA2CE3600B1E847 /* PBXContainerItemProxy */;
		};
		99C9BD801BA2CE3600B1E847 /* PBXTargetDependency */ = {
			isa = PBXTargetDependency;
			target = 99C9BD5E1BA2CE3500B1E847 /* MLMFOTO */;
			targetProxy = 99C9BD7F1BA2CE3600B1E847 /* PBXContainerItemProxy */;
		};
/* End PBXTargetDependency section */

/* Begin PBXVariantGroup section */
		99C9BD661BA2CE3500B1E847 /* Main.storyboard */ = {
			isa = PBXVariantGroup;
			children = (
				99C9BD671BA2CE3500B1E847 /* Base */,
			);
			name = Main.storyboard;
			sourceTree = "<group>";
		};
		99C9BD6B1BA2CE3500B1E847 /* LaunchScreen.storyboard */ = {
			isa = PBXVariantGroup;
			children = (
				99C9BD6C1BA2CE3500B1E847 /* Base */,
			);
			name = LaunchScreen.storyboard;
			sourceTree = "<group>";
		};
/* End PBXVariantGroup section */

/* Begin XCBuildConfiguration section */
		99C9BD851BA2CE3600B1E847 /* Debug */ = {
			isa = XCBuildConfiguration;
			buildSettings = {
				ALWAYS_SEARCH_USER_PATHS = NO;
				CLANG_CXX_LANGUAGE_STANDARD = "gnu++0x";
				CLANG_CXX_LIBRARY = "libc++";
				CLANG_ENABLE_MODULES = YES;
				CLANG_ENABLE_OBJC_ARC = YES;
				CLANG_WARN_BOOL_CONVERSION = YES;
				CLANG_WARN_CONSTANT_CONVERSION = YES;
				CLANG_WARN_DIRECT_OBJC_ISA_USAGE = YES_ERROR;
				CLANG_WARN_EMPTY_BODY = YES;
				CLANG_WARN_ENUM_CONVERSION = YES;
				CLANG_WARN_INT_CONVERSION = YES;
				CLANG_WARN_OBJC_ROOT_CLASS = YES_ERROR;
				CLANG_WARN_UNREACHABLE_CODE = YES;
				CLANG_WARN__DUPLICATE_METHOD_MATCH = YES;
				"CODE_SIGN_IDENTITY[sdk=iphoneos*]" = "iPhone Developer";
				COPY_PHASE_STRIP = NO;
				DEBUG_INFORMATION_FORMAT = dwarf;
				ENABLE_STRICT_OBJC_MSGSEND = YES;
				ENABLE_TESTABILITY = YES;
				GCC_C_LANGUAGE_STANDARD = gnu99;
				GCC_DYNAMIC_NO_PIC = NO;
				GCC_NO_COMMON_BLOCKS = YES;
				GCC_OPTIMIZATION_LEVEL = 0;
				GCC_PREPROCESSOR_DEFINITIONS = (
					"DEBUG=1",
					"$(inherited)",
				);
				GCC_WARN_64_TO_32_BIT_CONVERSION = YES;
				GCC_WARN_ABOUT_RETURN_TYPE = YES_ERROR;
				GCC_WARN_UNDECLARED_SELECTOR = YES;
				GCC_WARN_UNINITIALIZED_AUTOS = YES_AGGRESSIVE;
				GCC_WARN_UNUSED_FUNCTION = YES;
				GCC_WARN_UNUSED_VARIABLE = YES;
				IPHONEOS_DEPLOYMENT_TARGET = 9.0;
				MTL_ENABLE_DEBUG_INFO = YES;
				ONLY_ACTIVE_ARCH = YES;
				SDKROOT = iphoneos;
				SWIFT_OPTIMIZATION_LEVEL = "-Onone";
			};
			name = Debug;
		};
		99C9BD861BA2CE3600B1E847 /* Release */ = {
			isa = XCBuildConfiguration;
			buildSettings = {
				ALWAYS_SEARCH_USER_PATHS = NO;
				CLANG_CXX_LANGUAGE_STANDARD = "gnu++0x";
				CLANG_CXX_LIBRARY = "libc++";
				CLANG_ENABLE_MODULES = YES;
				CLANG_ENABLE_OBJC_ARC = YES;
				CLANG_WARN_BOOL_CONVERSION = YES;
				CLANG_WARN_CONSTANT_CONVERSION = YES;
				CLANG_WARN_DIRECT_OBJC_ISA_USAGE = YES_ERROR;
				CLANG_WARN_EMPTY_BODY = YES;
				CLANG_WARN_ENUM_CONVERSION = YES;
				CLANG_WARN_INT_CONVERSION = YES;
				CLANG_WARN_OBJC_ROOT_CLASS = YES_ERROR;
				CLANG_WARN_UNREACHABLE_CODE = YES;
				CLANG_WARN__DUPLICATE_METHOD_MATCH = YES;
				"CODE_SIGN_IDENTITY[sdk=iphoneos*]" = "iPhone Developer";
				COPY_PHASE_STRIP = NO;
				DEBUG_INFORMATION_FORMAT = "dwarf-with-dsym";
				ENABLE_NS_ASSERTIONS = NO;
				ENABLE_STRICT_OBJC_MSGSEND = YES;
				GCC_C_LANGUAGE_STANDARD = gnu99;
				GCC_NO_COMMON_BLOCKS = YES;
				GCC_WARN_64_TO_32_BIT_CONVERSION = YES;
				GCC_WARN_ABOUT_RETURN_TYPE = YES_ERROR;
				GCC_WARN_UNDECLARED_SELECTOR = YES;
				GCC_WARN_UNINITIALIZED_AUTOS = YES_AGGRESSIVE;
				GCC_WARN_UNUSED_FUNCTION = YES;
				GCC_WARN_UNUSED_VARIABLE = YES;
				IPHONEOS_DEPLOYMENT_TARGET = 9.0;
				MTL_ENABLE_DEBUG_INFO = NO;
				SDKROOT = iphoneos;
				VALIDATE_PRODUCT = YES;
			};
			name = Release;
		};
		99C9BD881BA2CE3600B1E847 /* Debug */ = {
			isa = XCBuildConfiguration;
			baseConfigurationReference = B60033EB39D60128EB6EF7E6 /* Pods-MLMFOTO.debug.xcconfig */;
			buildSettings = {
				ASSETCATALOG_COMPILER_APPICON_NAME = AppIcon;
				CLANG_ENABLE_MODULES = YES;
				CODE_SIGN_IDENTITY = "iPhone Developer";
				FRAMEWORK_SEARCH_PATHS = (
					"$(inherited)",
					"$(PROJECT_DIR)",
				);
				INFOPLIST_FILE = MLMFOTO/Info.plist;
				IPHONEOS_DEPLOYMENT_TARGET = 9.0;
				LD_RUNPATH_SEARCH_PATHS = "$(inherited) @executable_path/Frameworks";
				PRODUCT_BUNDLE_IDENTIFIER = com.wirawansanusi.MLMFOTO;
				PRODUCT_NAME = "$(TARGET_NAME)";
				SWIFT_OBJC_BRIDGING_HEADER = "MLMFOTO/MLMFOTO-Bridging-Header.h";
				SWIFT_OPTIMIZATION_LEVEL = "-Onone";
			};
			name = Debug;
		};
		99C9BD891BA2CE3600B1E847 /* Release */ = {
			isa = XCBuildConfiguration;
			baseConfigurationReference = 7149A0F05B0CF5F135172C54 /* Pods-MLMFOTO.release.xcconfig */;
			buildSettings = {
				ASSETCATALOG_COMPILER_APPICON_NAME = AppIcon;
				CLANG_ENABLE_MODULES = YES;
				CODE_SIGN_IDENTITY = "iPhone Developer";
				FRAMEWORK_SEARCH_PATHS = (
					"$(inherited)",
					"$(PROJECT_DIR)",
				);
				INFOPLIST_FILE = MLMFOTO/Info.plist;
				IPHONEOS_DEPLOYMENT_TARGET = 9.0;
				LD_RUNPATH_SEARCH_PATHS = "$(inherited) @executable_path/Frameworks";
				PRODUCT_BUNDLE_IDENTIFIER = com.wirawansanusi.MLMFOTO;
				PRODUCT_NAME = "$(TARGET_NAME)";
				SWIFT_OBJC_BRIDGING_HEADER = "MLMFOTO/MLMFOTO-Bridging-Header.h";
			};
			name = Release;
		};
		99C9BD8B1BA2CE3600B1E847 /* Debug */ = {
			isa = XCBuildConfiguration;
			buildSettings = {
				BUNDLE_LOADER = "$(TEST_HOST)";
				INFOPLIST_FILE = MLMFOTOTests/Info.plist;
				LD_RUNPATH_SEARCH_PATHS = "$(inherited) @executable_path/Frameworks @loader_path/Frameworks";
				PRODUCT_BUNDLE_IDENTIFIER = com.wirawansanusi.MLMFOTOTests;
				PRODUCT_NAME = "$(TARGET_NAME)";
				TEST_HOST = "$(BUILT_PRODUCTS_DIR)/MLMFOTO.app/MLMFOTO";
			};
			name = Debug;
		};
		99C9BD8C1BA2CE3600B1E847 /* Release */ = {
			isa = XCBuildConfiguration;
			buildSettings = {
				BUNDLE_LOADER = "$(TEST_HOST)";
				INFOPLIST_FILE = MLMFOTOTests/Info.plist;
				LD_RUNPATH_SEARCH_PATHS = "$(inherited) @executable_path/Frameworks @loader_path/Frameworks";
				PRODUCT_BUNDLE_IDENTIFIER = com.wirawansanusi.MLMFOTOTests;
				PRODUCT_NAME = "$(TARGET_NAME)";
				TEST_HOST = "$(BUILT_PRODUCTS_DIR)/MLMFOTO.app/MLMFOTO";
			};
			name = Release;
		};
		99C9BD8E1BA2CE3600B1E847 /* Debug */ = {
			isa = XCBuildConfiguration;
			buildSettings = {
				INFOPLIST_FILE = MLMFOTOUITests/Info.plist;
				LD_RUNPATH_SEARCH_PATHS = "$(inherited) @executable_path/Frameworks @loader_path/Frameworks";
				PRODUCT_BUNDLE_IDENTIFIER = com.wirawansanusi.MLMFOTOUITests;
				PRODUCT_NAME = "$(TARGET_NAME)";
				TEST_TARGET_NAME = MLMFOTO;
				USES_XCTRUNNER = YES;
			};
			name = Debug;
		};
		99C9BD8F1BA2CE3600B1E847 /* Release */ = {
			isa = XCBuildConfiguration;
			buildSettings = {
				INFOPLIST_FILE = MLMFOTOUITests/Info.plist;
				LD_RUNPATH_SEARCH_PATHS = "$(inherited) @executable_path/Frameworks @loader_path/Frameworks";
				PRODUCT_BUNDLE_IDENTIFIER = com.wirawansanusi.MLMFOTOUITests;
				PRODUCT_NAME = "$(TARGET_NAME)";
				TEST_TARGET_NAME = MLMFOTO;
				USES_XCTRUNNER = YES;
			};
			name = Release;
		};
/* End XCBuildConfiguration section */

/* Begin XCConfigurationList section */
		99C9BD5A1BA2CE3500B1E847 /* Build configuration list for PBXProject "MLMFOTO" */ = {
			isa = XCConfigurationList;
			buildConfigurations = (
				99C9BD851BA2CE3600B1E847 /* Debug */,
				99C9BD861BA2CE3600B1E847 /* Release */,
			);
			defaultConfigurationIsVisible = 0;
			defaultConfigurationName = Release;
		};
		99C9BD871BA2CE3600B1E847 /* Build configuration list for PBXNativeTarget "MLMFOTO" */ = {
			isa = XCConfigurationList;
			buildConfigurations = (
				99C9BD881BA2CE3600B1E847 /* Debug */,
				99C9BD891BA2CE3600B1E847 /* Release */,
			);
			defaultConfigurationIsVisible = 0;
			defaultConfigurationName = Release;
		};
		99C9BD8A1BA2CE3600B1E847 /* Build configuration list for PBXNativeTarget "MLMFOTOTests" */ = {
			isa = XCConfigurationList;
			buildConfigurations = (
				99C9BD8B1BA2CE3600B1E847 /* Debug */,
				99C9BD8C1BA2CE3600B1E847 /* Release */,
			);
			defaultConfigurationIsVisible = 0;
			defaultConfigurationName = Release;
		};
		99C9BD8D1BA2CE3600B1E847 /* Build configuration list for PBXNativeTarget "MLMFOTOUITests" */ = {
			isa = XCConfigurationList;
			buildConfigurations = (
				99C9BD8E1BA2CE3600B1E847 /* Debug */,
				99C9BD8F1BA2CE3600B1E847 /* Release */,
			);
			defaultConfigurationIsVisible = 0;
			defaultConfigurationName = Release;
		};
/* End XCConfigurationList section */

/* Begin XCVersionGroup section */
		993611C01BCD4EAB004B7F88 /* MLMFOTO.xcdatamodeld */ = {
			isa = XCVersionGroup;
			children = (
				993611C11BCD4EAB004B7F88 /* MLMFOTO.xcdatamodel */,
			);
			currentVersion = 993611C11BCD4EAB004B7F88 /* MLMFOTO.xcdatamodel */;
			path = MLMFOTO.xcdatamodeld;
			sourceTree = "<group>";
			versionGroupType = wrapper.xcdatamodel;
		};
/* End XCVersionGroup section */
	};
	rootObject = 99C9BD571BA2CE3500B1E847 /* Project object */;
}
